
Microsoft Visual Studio Solution File, Format Version 12.00
# Visual Studio 14
VisualStudioVersion = 14.0.23107.0
MinimumVisualStudioVersion = 10.0.40219.1
Project("{FAE04EC0-301F-11D3-BF4B-00C04F79EFBC}") = "App1", "App1\App1\App1.csproj", "{58F09EDE-8DF8-430A-A200-1D6EC73D73E2}"
EndProject
Project("{FAE04EC0-301F-11D3-BF4B-00C04F79EFBC}") = "App1.iOS", "App1\App1.iOS\App1.iOS.csproj", "{CFD1EA9B-AE02-4CB9-B241-EE12AAD3B176}"
EndProject
Project("{FAE04EC0-301F-11D3-BF4B-00C04F79EFBC}") = "App1.Droid", "App1\App1.Droid\App1.Droid.csproj", "{5FD61CF6-4D6F-44AD-8F68-67A5E3C67D80}"
EndProject
Project("{FAE04EC0-301F-11D3-BF4B-00C04F79EFBC}") = "App1.WinPhone", "App1\App1.WinPhone\App1.WinPhone.csproj", "{14099552-FD64-4C1B-8130-294EC5ADC118}"
EndProject
Global
	GlobalSection(SolutionConfigurationPlatforms) = preSolution
		Ad-Hoc|Any CPU = Ad-Hoc|Any CPU
		Ad-Hoc|ARM = Ad-Hoc|ARM
		Ad-Hoc|iPhone = Ad-Hoc|iPhone
		Ad-Hoc|iPhoneSimulator = Ad-Hoc|iPhoneSimulator
		Ad-Hoc|x86 = Ad-Hoc|x86
		AppStore|Any CPU = AppStore|Any CPU
		AppStore|ARM = AppStore|ARM
		AppStore|iPhone = AppStore|iPhone
		AppStore|iPhoneSimulator = AppStore|iPhoneSimulator
		AppStore|x86 = AppStore|x86
		Debug|Any CPU = Debug|Any CPU
		Debug|ARM = Debug|ARM
		Debug|iPhone = Debug|iPhone
		Debug|iPhoneSimulator = Debug|iPhoneSimulator
		Debug|x86 = Debug|x86
		Release|Any CPU = Release|Any CPU
		Release|ARM = Release|ARM
		Release|iPhone = Release|iPhone
		Release|iPhoneSimulator = Release|iPhoneSimulator
		Release|x86 = Release|x86
	EndGlobalSection
	GlobalSection(ProjectConfigurationPlatforms) = postSolution
		{58F09EDE-8DF8-430A-A200-1D6EC73D73E2}.Ad-Hoc|Any CPU.ActiveCfg = Release|Any CPU
		{58F09EDE-8DF8-430A-A200-1D6EC73D73E2}.Ad-Hoc|Any CPU.Build.0 = Release|Any CPU
		{58F09EDE-8DF8-430A-A200-1D6EC73D73E2}.Ad-Hoc|ARM.ActiveCfg = Release|Any CPU
		{58F09EDE-8DF8-430A-A200-1D6EC73D73E2}.Ad-Hoc|ARM.Build.0 = Release|Any CPU
		{58F09EDE-8DF8-430A-A200-1D6EC73D73E2}.Ad-Hoc|iPhone.ActiveCfg = Release|Any CPU
		{58F09EDE-8DF8-430A-A200-1D6EC73D73E2}.Ad-Hoc|iPhone.Build.0 = Release|Any CPU
		{58F09EDE-8DF8-430A-A200-1D6EC73D73E2}.Ad-Hoc|iPhoneSimulator.ActiveCfg = Release|Any CPU
		{58F09EDE-8DF8-430A-A200-1D6EC73D73E2}.Ad-Hoc|iPhoneSimulator.Build.0 = Release|Any CPU
		{58F09EDE-8DF8-430A-A200-1D6EC73D73E2}.Ad-Hoc|x86.ActiveCfg = Release|Any CPU
		{58F09EDE-8DF8-430A-A200-1D6EC73D73E2}.Ad-Hoc|x86.Build.0 = Release|Any CPU
		{58F09EDE-8DF8-430A-A200-1D6EC73D73E2}.AppStore|Any CPU.ActiveCfg = Release|Any CPU
		{58F09EDE-8DF8-430A-A200-1D6EC73D73E2}.AppStore|Any CPU.Build.0 = Release|Any CPU
		{58F09EDE-8DF8-430A-A200-1D6EC73D73E2}.AppStore|ARM.ActiveCfg = Release|Any CPU
		{58F09EDE-8DF8-430A-A200-1D6EC73D73E2}.AppStore|ARM.Build.0 = Release|Any CPU
		{58F09EDE-8DF8-430A-A200-1D6EC73D73E2}.AppStore|iPhone.ActiveCfg = Release|Any CPU
		{58F09EDE-8DF8-430A-A200-1D6EC73D73E2}.AppStore|iPhone.Build.0 = Release|Any CPU
		{58F09EDE-8DF8-430A-A200-1D6EC73D73E2}.AppStore|iPhoneSimulator.ActiveCfg = Release|Any CPU
		{58F09EDE-8DF8-430A-A200-1D6EC73D73E2}.AppStore|iPhoneSimulator.Build.0 = Release|Any CPU
		{58F09EDE-8DF8-430A-A200-1D6EC73D73E2}.AppStore|x86.ActiveCfg = Release|Any CPU
		{58F09EDE-8DF8-430A-A200-1D6EC73D73E2}.AppStore|x86.Build.0 = Release|Any CPU
		{58F09EDE-8DF8-430A-A200-1D6EC73D73E2}.Debug|Any CPU.ActiveCfg = Debug|Any CPU
		{58F09EDE-8DF8-430A-A200-1D6EC73D73E2}.Debug|Any CPU.Build.0 = Debug|Any CPU
		{58F09EDE-8DF8-430A-A200-1D6EC73D73E2}.Debug|ARM.ActiveCfg = Debug|Any CPU
		{58F09EDE-8DF8-430A-A200-1D6EC73D73E2}.Debug|ARM.Build.0 = Debug|Any CPU
		{58F09EDE-8DF8-430A-A200-1D6EC73D73E2}.Debug|iPhone.ActiveCfg = Debug|Any CPU
		{58F09EDE-8DF8-430A-A200-1D6EC73D73E2}.Debug|iPhone.Build.0 = Debug|Any CPU
		{58F09EDE-8DF8-430A-A200-1D6EC73D73E2}.Debug|iPhoneSimulator.ActiveCfg = Debug|Any CPU
		{58F09EDE-8DF8-430A-A200-1D6EC73D73E2}.Debug|iPhoneSimulator.Build.0 = Debug|Any CPU
		{58F09EDE-8DF8-430A-A200-1D6EC73D73E2}.Debug|x86.ActiveCfg = Debug|Any CPU
		{58F09EDE-8DF8-430A-A200-1D6EC73D73E2}.Debug|x86.Build.0 = Debug|Any CPU
		{58F09EDE-8DF8-430A-A200-1D6EC73D73E2}.Release|Any CPU.ActiveCfg = Release|Any CPU
		{58F09EDE-8DF8-430A-A200-1D6EC73D73E2}.Release|Any CPU.Build.0 = Release|Any CPU
		{58F09EDE-8DF8-430A-A200-1D6EC73D73E2}.Release|ARM.ActiveCfg = Release|Any CPU
		{58F09EDE-8DF8-430A-A200-1D6EC73D73E2}.Release|ARM.Build.0 = Release|Any CPU
		{58F09EDE-8DF8-430A-A200-1D6EC73D73E2}.Release|iPhone.ActiveCfg = Release|Any CPU
		{58F09EDE-8DF8-430A-A200-1D6EC73D73E2}.Release|iPhone.Build.0 = Release|Any CPU
		{58F09EDE-8DF8-430A-A200-1D6EC73D73E2}.Release|iPhoneSimulator.ActiveCfg = Release|Any CPU
		{58F09EDE-8DF8-430A-A200-1D6EC73D73E2}.Release|iPhoneSimulator.Build.0 = Release|Any CPU
		{58F09EDE-8DF8-430A-A200-1D6EC73D73E2}.Release|x86.ActiveCfg = Release|Any CPU
		{58F09EDE-8DF8-430A-A200-1D6EC73D73E2}.Release|x86.Build.0 = Release|Any CPU
		{CFD1EA9B-AE02-4CB9-B241-EE12AAD3B176}.Ad-Hoc|Any CPU.ActiveCfg = Ad-Hoc|iPhone
		{CFD1EA9B-AE02-4CB9-B241-EE12AAD3B176}.Ad-Hoc|ARM.ActiveCfg = Ad-Hoc|iPhone
		{CFD1EA9B-AE02-4CB9-B241-EE12AAD3B176}.Ad-Hoc|iPhone.ActiveCfg = Ad-Hoc|iPhone
		{CFD1EA9B-AE02-4CB9-B241-EE12AAD3B176}.Ad-Hoc|iPhone.Build.0 = Ad-Hoc|iPhone
		{CFD1EA9B-AE02-4CB9-B241-EE12AAD3B176}.Ad-Hoc|iPhoneSimulator.ActiveCfg = Ad-Hoc|iPhoneSimulator
		{CFD1EA9B-AE02-4CB9-B241-EE12AAD3B176}.Ad-Hoc|iPhoneSimulator.Build.0 = Ad-Hoc|iPhoneSimulator
		{CFD1EA9B-AE02-4CB9-B241-EE12AAD3B176}.Ad-Hoc|x86.ActiveCfg = Ad-Hoc|iPhone
		{CFD1EA9B-AE02-4CB9-B241-EE12AAD3B176}.AppStore|Any CPU.ActiveCfg = AppStore|iPhone
		{CFD1EA9B-AE02-4CB9-B241-EE12AAD3B176}.AppStore|ARM.ActiveCfg = AppStore|iPhone
		{CFD1EA9B-AE02-4CB9-B241-EE12AAD3B176}.AppStore|iPhone.ActiveCfg = AppStore|iPhone
		{CFD1EA9B-AE02-4CB9-B241-EE12AAD3B176}.AppStore|iPhone.Build.0 = AppStore|iPhone
		{CFD1EA9B-AE02-4CB9-B241-EE12AAD3B176}.AppStore|iPhoneSimulator.ActiveCfg = AppStore|iPhoneSimulator
		{CFD1EA9B-AE02-4CB9-B241-EE12AAD3B176}.AppStore|iPhoneSimulator.Build.0 = AppStore|iPhoneSimulator
		{CFD1EA9B-AE02-4CB9-B241-EE12AAD3B176}.AppStore|x86.ActiveCfg = AppStore|iPhone
		{CFD1EA9B-AE02-4CB9-B241-EE12AAD3B176}.Debug|Any CPU.ActiveCfg = Debug|iPhone
		{CFD1EA9B-AE02-4CB9-B241-EE12AAD3B176}.Debug|ARM.ActiveCfg = Debug|iPhone
		{CFD1EA9B-AE02-4CB9-B241-EE12AAD3B176}.Debug|iPhone.ActiveCfg = Debug|iPhone
		{CFD1EA9B-AE02-4CB9-B241-EE12AAD3B176}.Debug|iPhone.Build.0 = Debug|iPhone
		{CFD1EA9B-AE02-4CB9-B241-EE12AAD3B176}.Debug|iPhoneSimulator.ActiveCfg = Debug|iPhoneSimulator
		{CFD1EA9B-AE02-4CB9-B241-EE12AAD3B176}.Debug|iPhoneSimulator.Build.0 = Debug|iPhoneSimulator
		{CFD1EA9B-AE02-4CB9-B241-EE12AAD3B176}.Debug|x86.ActiveCfg = Debug|iPhone
		{CFD1EA9B-AE02-4CB9-B241-EE12AAD3B176}.Release|Any CPU.ActiveCfg = Release|iPhone
		{CFD1EA9B-AE02-4CB9-B241-EE12AAD3B176}.Release|ARM.ActiveCfg = Release|iPhone
		{CFD1EA9B-AE02-4CB9-B241-EE12AAD3B176}.Release|iPhone.ActiveCfg = Release|iPhone
		{CFD1EA9B-AE02-4CB9-B241-EE12AAD3B176}.Release|iPhone.Build.0 = Release|iPhone
		{CFD1EA9B-AE02-4CB9-B241-EE12AAD3B176}.Release|iPhoneSimulator.ActiveCfg = Release|iPhoneSimulator
		{CFD1EA9B-AE02-4CB9-B241-EE12AAD3B176}.Release|iPhoneSimulator.Build.0 = Release|iPhoneSimulator
		{CFD1EA9B-AE02-4CB9-B241-EE12AAD3B176}.Release|x86.ActiveCfg = Release|iPhone
		{5FD61CF6-4D6F-44AD-8F68-67A5E3C67D80}.Ad-Hoc|Any CPU.ActiveCfg = Release|Any CPU
		{5FD61CF6-4D6F-44AD-8F68-67A5E3C67D80}.Ad-Hoc|Any CPU.Build.0 = Release|Any CPU
		{5FD61CF6-4D6F-44AD-8F68-67A5E3C67D80}.Ad-Hoc|Any CPU.Deploy.0 = Release|Any CPU
		{5FD61CF6-4D6F-44AD-8F68-67A5E3C67D80}.Ad-Hoc|ARM.ActiveCfg = Release|Any CPU
		{5FD61CF6-4D6F-44AD-8F68-67A5E3C67D80}.Ad-Hoc|ARM.Build.0 = Release|Any CPU
		{5FD61CF6-4D6F-44AD-8F68-67A5E3C67D80}.Ad-Hoc|ARM.Deploy.0 = Release|Any CPU
		{5FD61CF6-4D6F-44AD-8F68-67A5E3C67D80}.Ad-Hoc|iPhone.ActiveCfg = Release|Any CPU
		{5FD61CF6-4D6F-44AD-8F68-67A5E3C67D80}.Ad-Hoc|iPhone.Build.0 = Release|Any CPU
		{5FD61CF6-4D6F-44AD-8F68-67A5E3C67D80}.Ad-Hoc|iPhone.Deploy.0 = Release|Any CPU
		{5FD61CF6-4D6F-44AD-8F68-67A5E3C67D80}.Ad-Hoc|iPhoneSimulator.ActiveCfg = Release|Any CPU
		{5FD61CF6-4D6F-44AD-8F68-67A5E3C67D80}.Ad-Hoc|iPhoneSimulator.Build.0 = Release|Any CPU
		{5FD61CF6-4D6F-44AD-8F68-67A5E3C67D80}.Ad-Hoc|iPhoneSimulator.Deploy.0 = Release|Any CPU
		{5FD61CF6-4D6F-44AD-8F68-67A5E3C67D80}.Ad-Hoc|x86.ActiveCfg = Release|Any CPU
		{5FD61CF6-4D6F-44AD-8F68-67A5E3C67D80}.Ad-Hoc|x86.Build.0 = Release|Any CPU
		{5FD61CF6-4D6F-44AD-8F68-67A5E3C67D80}.Ad-Hoc|x86.Deploy.0 = Release|Any CPU
		{5FD61CF6-4D6F-44AD-8F68-67A5E3C67D80}.AppStore|Any CPU.ActiveCfg = Release|Any CPU
		{5FD61CF6-4D6F-44AD-8F68-67A5E3C67D80}.AppStore|Any CPU.Build.0 = Release|Any CPU
		{5FD61CF6-4D6F-44AD-8F68-67A5E3C67D80}.AppStore|Any CPU.Deploy.0 = Release|Any CPU
		{5FD61CF6-4D6F-44AD-8F68-67A5E3C67D80}.AppStore|ARM.ActiveCfg = Release|Any CPU
		{5FD61CF6-4D6F-44AD-8F68-67A5E3C67D80}.AppStore|ARM.Build.0 = Release|Any CPU
		{5FD61CF6-4D6F-44AD-8F68-67A5E3C67D80}.AppStore|ARM.Deploy.0 = Release|Any CPU
		{5FD61CF6-4D6F-44AD-8F68-67A5E3C67D80}.AppStore|iPhone.ActiveCfg = Release|Any CPU
		{5FD61CF6-4D6F-44AD-8F68-67A5E3C67D80}.AppStore|iPhone.Build.0 = Release|Any CPU
		{5FD61CF6-4D6F-44AD-8F68-67A5E3C67D80}.AppStore|iPhone.Deploy.0 = Release|Any CPU
		{5FD61CF6-4D6F-44AD-8F68-67A5E3C67D80}.AppStore|iPhoneSimulator.ActiveCfg = Release|Any CPU
		{5FD61CF6-4D6F-44AD-8F68-67A5E3C67D80}.AppStore|iPhoneSimulator.Build.0 = Release|Any CPU
		{5FD61CF6-4D6F-44AD-8F68-67A5E3C67D80}.AppStore|iPhoneSimulator.Deploy.0 = Release|Any CPU
		{5FD61CF6-4D6F-44AD-8F68-67A5E3C67D80}.AppStore|x86.ActiveCfg = Release|Any CPU
		{5FD61CF6-4D6F-44AD-8F68-67A5E3C67D80}.AppStore|x86.Build.0 = Release|Any CPU
		{5FD61CF6-4D6F-44AD-8F68-67A5E3C67D80}.AppStore|x86.Deploy.0 = Release|Any CPU
		{5FD61CF6-4D6F-44AD-8F68-67A5E3C67D80}.Debug|Any CPU.ActiveCfg = Debug|Any CPU
		{5FD61CF6-4D6F-44AD-8F68-67A5E3C67D80}.Debug|Any CPU.Build.0 = Debug|Any CPU
		{5FD61CF6-4D6F-44AD-8F68-67A5E3C67D80}.Debug|Any CPU.Deploy.0 = Debug|Any CPU
		{5FD61CF6-4D6F-44AD-8F68-67A5E3C67D80}.Debug|ARM.ActiveCfg = Debug|Any CPU
		{5FD61CF6-4D6F-44AD-8F68-67A5E3C67D80}.Debug|ARM.Build.0 = Debug|Any CPU
		{5FD61CF6-4D6F-44AD-8F68-67A5E3C67D80}.Debug|ARM.Deploy.0 = Debug|Any CPU
		{5FD61CF6-4D6F-44AD-8F68-67A5E3C67D80}.Debug|iPhone.ActiveCfg = Debug|Any CPU
		{5FD61CF6-4D6F-44AD-8F68-67A5E3C67D80}.Debug|iPhone.Build.0 = Debug|Any CPU
		{5FD61CF6-4D6F-44AD-8F68-67A5E3C67D80}.Debug|iPhone.Deploy.0 = Debug|Any CPU
		{5FD61CF6-4D6F-44AD-8F68-67A5E3C67D80}.Debug|iPhoneSimulator.ActiveCfg = Debug|Any CPU
		{5FD61CF6-4D6F-44AD-8F68-67A5E3C67D80}.Debug|iPhoneSimulator.Build.0 = Debug|Any CPU
		{5FD61CF6-4D6F-44AD-8F68-67A5E3C67D80}.Debug|iPhoneSimulator.Deploy.0 = Debug|Any CPU
		{5FD61CF6-4D6F-44AD-8F68-67A5E3C67D80}.Debug|x86.ActiveCfg = Debug|Any CPU
		{5FD61CF6-4D6F-44AD-8F68-67A5E3C67D80}.Debug|x86.Build.0 = Debug|Any CPU
		{5FD61CF6-4D6F-44AD-8F68-67A5E3C67D80}.Debug|x86.Deploy.0 = Debug|Any CPU
		{5FD61CF6-4D6F-44AD-8F68-67A5E3C67D80}.Release|Any CPU.ActiveCfg = Release|Any CPU
		{5FD61CF6-4D6F-44AD-8F68-67A5E3C67D80}.Release|Any CPU.Build.0 = Release|Any CPU
		{5FD61CF6-4D6F-44AD-8F68-67A5E3C67D80}.Release|Any CPU.Deploy.0 = Release|Any CPU
		{5FD61CF6-4D6F-44AD-8F68-67A5E3C67D80}.Release|ARM.ActiveCfg = Release|Any CPU
		{5FD61CF6-4D6F-44AD-8F68-67A5E3C67D80}.Release|ARM.Build.0 = Release|Any CPU
		{5FD61CF6-4D6F-44AD-8F68-67A5E3C67D80}.Release|ARM.Deploy.0 = Release|Any CPU
		{5FD61CF6-4D6F-44AD-8F68-67A5E3C67D80}.Release|iPhone.ActiveCfg = Release|Any CPU
		{5FD61CF6-4D6F-44AD-8F68-67A5E3C67D80}.Release|iPhone.Build.0 = Release|Any CPU
		{5FD61CF6-4D6F-44AD-8F68-67A5E3C67D80}.Release|iPhone.Deploy.0 = Release|Any CPU
		{5FD61CF6-4D6F-44AD-8F68-67A5E3C67D80}.Release|iPhoneSimulator.ActiveCfg = Release|Any CPU
		{5FD61CF6-4D6F-44AD-8F68-67A5E3C67D80}.Release|iPhoneSimulator.Build.0 = Release|Any CPU
		{5FD61CF6-4D6F-44AD-8F68-67A5E3C67D80}.Release|iPhoneSimulator.Deploy.0 = Release|Any CPU
		{5FD61CF6-4D6F-44AD-8F68-67A5E3C67D80}.Release|x86.ActiveCfg = Release|Any CPU
		{5FD61CF6-4D6F-44AD-8F68-67A5E3C67D80}.Release|x86.Build.0 = Release|Any CPU
		{5FD61CF6-4D6F-44AD-8F68-67A5E3C67D80}.Release|x86.Deploy.0 = Release|Any CPU
		{14099552-FD64-4C1B-8130-294EC5ADC118}.Ad-Hoc|Any CPU.ActiveCfg = Release|Any CPU
		{14099552-FD64-4C1B-8130-294EC5ADC118}.Ad-Hoc|Any CPU.Build.0 = Release|Any CPU
		{14099552-FD64-4C1B-8130-294EC5ADC118}.Ad-Hoc|Any CPU.Deploy.0 = Release|Any CPU
		{14099552-FD64-4C1B-8130-294EC5ADC118}.Ad-Hoc|ARM.ActiveCfg = Release|ARM
		{14099552-FD64-4C1B-8130-294EC5ADC118}.Ad-Hoc|ARM.Build.0 = Release|ARM
		{14099552-FD64-4C1B-8130-294EC5ADC118}.Ad-Hoc|ARM.Deploy.0 = Release|ARM
		{14099552-FD64-4C1B-8130-294EC5ADC118}.Ad-Hoc|iPhone.ActiveCfg = Release|Any CPU
		{14099552-FD64-4C1B-8130-294EC5ADC118}.Ad-Hoc|iPhone.Build.0 = Release|Any CPU
		{14099552-FD64-4C1B-8130-294EC5ADC118}.Ad-Hoc|iPhone.Deploy.0 = Release|Any CPU
		{14099552-FD64-4C1B-8130-294EC5ADC118}.Ad-Hoc|iPhoneSimulator.ActiveCfg = Release|Any CPU
		{14099552-FD64-4C1B-8130-294EC5ADC118}.Ad-Hoc|iPhoneSimulator.Build.0 = Release|Any CPU
		{14099552-FD64-4C1B-8130-294EC5ADC118}.Ad-Hoc|iPhoneSimulator.Deploy.0 = Release|Any CPU
		{14099552-FD64-4C1B-8130-294EC5ADC118}.Ad-Hoc|x86.ActiveCfg = Release|x86
		{14099552-FD64-4C1B-8130-294EC5ADC118}.Ad-Hoc|x86.Build.0 = Release|x86
		{14099552-FD64-4C1B-8130-294EC5ADC118}.Ad-Hoc|x86.Deploy.0 = Release|x86
		{14099552-FD64-4C1B-8130-294EC5ADC118}.AppStore|Any CPU.ActiveCfg = Release|Any CPU
		{14099552-FD64-4C1B-8130-294EC5ADC118}.AppStore|Any CPU.Build.0 = Release|Any CPU
		{14099552-FD64-4C1B-8130-294EC5ADC118}.AppStore|Any CPU.Deploy.0 = Release|Any CPU
		{14099552-FD64-4C1B-8130-294EC5ADC118}.AppStore|ARM.ActiveCfg = Release|ARM
		{14099552-FD64-4C1B-8130-294EC5ADC118}.AppStore|ARM.Build.0 = Release|ARM
		{14099552-FD64-4C1B-8130-294EC5ADC118}.AppStore|ARM.Deploy.0 = Release|ARM
		{14099552-FD64-4C1B-8130-294EC5ADC118}.AppStore|iPhone.ActiveCfg = Release|Any CPU
		{14099552-FD64-4C1B-8130-294EC5ADC118}.AppStore|iPhone.Build.0 = Release|Any CPU
		{14099552-FD64-4C1B-8130-294EC5ADC118}.AppStore|iPhone.Deploy.0 = Release|Any CPU
		{14099552-FD64-4C1B-8130-294EC5ADC118}.AppStore|iPhoneSimulator.ActiveCfg = Release|Any CPU
		{14099552-FD64-4C1B-8130-294EC5ADC118}.AppStore|iPhoneSimulator.Build.0 = Release|Any CPU
		{14099552-FD64-4C1B-8130-294EC5ADC118}.AppStore|iPhoneSimulator.Deploy.0 = Release|Any CPU
		{14099552-FD64-4C1B-8130-294EC5ADC118}.AppStore|x86.ActiveCfg = Release|x86
		{14099552-FD64-4C1B-8130-294EC5ADC118}.AppStore|x86.Build.0 = Release|x86
		{14099552-FD64-4C1B-8130-294EC5ADC118}.AppStore|x86.Deploy.0 = Release|x86
		{14099552-FD64-4C1B-8130-294EC5ADC118}.Debug|Any CPU.ActiveCfg = Debug|Any CPU
		{14099552-FD64-4C1B-8130-294EC5ADC118}.Debug|Any CPU.Build.0 = Debug|Any CPU
		{14099552-FD64-4C1B-8130-294EC5ADC118}.Debug|Any CPU.Deploy.0 = Debug|Any CPU
		{14099552-FD64-4C1B-8130-294EC5ADC118}.Debug|ARM.ActiveCfg = Debug|ARM
		{14099552-FD64-4C1B-8130-294EC5ADC118}.Debug|ARM.Build.0 = Debug|ARM
		{14099552-FD64-4C1B-8130-294EC5ADC118}.Debug|ARM.Deploy.0 = Debug|ARM
		{14099552-FD64-4C1B-8130-294EC5ADC118}.Debug|iPhone.ActiveCfg = Debug|Any CPU
		{14099552-FD64-4C1B-8130-294EC5ADC118}.Debug|iPhone.Build.0 = Debug|Any CPU
		{14099552-FD64-4C1B-8130-294EC5ADC118}.Debug|iPhone.Deploy.0 = Debug|Any CPU
		{14099552-FD64-4C1B-8130-294EC5ADC118}.Debug|iPhoneSimulator.ActiveCfg = Debug|Any CPU
		{14099552-FD64-4C1B-8130-294EC5ADC118}.Debug|iPhoneSimulator.Build.0 = Debug|Any CPU
		{14099552-FD64-4C1B-8130-294EC5ADC118}.Debug|iPhoneSimulator.Deploy.0 = Debug|Any CPU
		{14099552-FD64-4C1B-8130-294EC5ADC118}.Debug|x86.ActiveCfg = Debug|x86
		{14099552-FD64-4C1B-8130-294EC5ADC118}.Debug|x86.Build.0 = Debug|x86
		{14099552-FD64-4C1B-8130-294EC5ADC118}.Debug|x86.Deploy.0 = Debug|x86
		{14099552-FD64-4C1B-8130-294EC5ADC118}.Release|Any CPU.ActiveCfg = Release|Any CPU
		{14099552-FD64-4C1B-8130-294EC5ADC118}.Release|Any CPU.Build.0 = Release|Any CPU
		{14099552-FD64-4C1B-8130-294EC5ADC118}.Release|Any CPU.Deploy.0 = Release|Any CPU
		{14099552-FD64-4C1B-8130-294EC5ADC118}.Release|ARM.ActiveCfg = Release|ARM
		{14099552-FD64-4C1B-8130-294EC5ADC118}.Release|ARM.Build.0 = Release|ARM
		{14099552-FD64-4C1B-8130-294EC5ADC118}.Release|ARM.Deploy.0 = Release|ARM
		{14099552-FD64-4C1B-8130-294EC5ADC118}.Release|iPhone.ActiveCfg = Release|Any CPU
		{14099552-FD64-4C1B-8130-294EC5ADC118}.Release|iPhone.Build.0 = Release|Any CPU
		{14099552-FD64-4C1B-8130-294EC5ADC118}.Release|iPhone.Deploy.0 = Release|Any CPU
		{14099552-FD64-4C1B-8130-294EC5ADC118}.Release|iPhoneSimulator.ActiveCfg = Release|Any CPU
		{14099552-FD64-4C1B-8130-294EC5ADC118}.Release|iPhoneSimulator.Build.0 = Release|Any CPU
		{14099552-FD64-4C1B-8130-294EC5ADC118}.Release|iPhoneSimulator.Deploy.0 = Release|Any CPU
		{14099552-FD64-4C1B-8130-294EC5ADC118}.Release|x86.ActiveCfg = Release|x86
		{14099552-FD64-4C1B-8130-294EC5ADC118}.Release|x86.Build.0 = Release|x86
		{14099552-FD64-4C1B-8130-294EC5ADC118}.Release|x86.Deploy.0 = Release|x86
	EndGlobalSection
	GlobalSection(SolutionProperties) = preSolution
		HideSolutionNode = FALSE
	EndGlobalSection
EndGlobal
